
Microsoft Visual Studio Solution File, Format Version 12.00
# Visual Studio Version 17
VisualStudioVersion = 17.10.35027.167
MinimumVisualStudioVersion = 10.0.40219.1
Project("{FAE04EC0-301F-11D3-BF4B-00C04F79EFBC}") = "WPF-DesignerControlsExample", "WPF-DesignerControlsExample.csproj", "{119335AD-85E9-4C31-A81A-25C58BAB9DAE}"
EndProject
Global
	GlobalSection(SolutionConfigurationPlatforms) = preSolution
		Debug|Any CPU = Debug|Any CPU
		Release|Any CPU = Release|Any CPU
	EndGlobalSection
	GlobalSection(ProjectConfigurationPlatforms) = postSolution
		{119335AD-85E9-4C31-A81A-25C58BAB9DAE}.Debug|Any CPU.ActiveCfg = Debug|Any CPU
		{119335AD-85E9-4C31-A81A-25C58BAB9DAE}.Debug|Any CPU.Build.0 = Debug|Any CPU
		{119335AD-85E9-4C31-A81A-25C58BAB9DAE}.Release|Any CPU.ActiveCfg = Release|Any CPU
		{119335AD-85E9-4C31-A81A-25C58BAB9DAE}.Release|Any CPU.Build.0 = Release|Any CPU
	EndGlobalSection
	GlobalSection(SolutionProperties) = preSolution
		HideSolutionNode = FALSE
	EndGlobalSection
	GlobalSection(ExtensibilityGlobals) = postSolution
		SolutionGuid = {FE40EAF8-ED81-4F7B-AC3B-26D8C31EE945}
	EndGlobalSection
EndGlobal
